{
  "lockfileVersion": 2,
  "configVersion": 1,
  "workspaces": {
    "": {
      "name": "localcode-llm",
      "dependencies": {
        "@ai-sdk/openai-compatible": "^3.0.41",
        "@msgpack/msgpack": "^3.1.2",
        "ai": "^7.0.86",
        "jsonc-parser": "^3.3.1",
        "zod": "^4.5.4",
      },
      "devDependencies": {
        "@ai-sdk/provider": "^4.0.9",
        "@types/bun": "^1.4.0",
        "typescript": "^5.9.3",
      },
    },
  },
  "packages": {
    "@ai-sdk/gateway": ["@ai-sdk/gateway@4.0.70", "", { "dependencies": { "@ai-sdk/provider": "4.0.9", "@ai-sdk/provider-utils": "5.0.34", "@vercel/oidc": "3.2.0" }, "peerDependencies": { "zod": "^3.25.76 || ^4.1.8" } }, "sha512-0tzAH2vwXOs/kVktAZRS04dATEQJk1hf1QR+VuVfvo9QmW3UPgcjhhJD9QFgP8HZLxkrEGDImwLIQ7sUfQTIsA=="],

    "@ai-sdk/openai-compatible": ["@ai-sdk/openai-compatible@3.0.41", "", { "dependencies": { "@ai-sdk/provider": "4.0.9", "@ai-sdk/provider-utils": "5.0.34" }, "peerDependencies": { "zod": "^3.25.76 || ^4.1.8" } }, "sha512-djOLRg4WOq5EINvWLfw2dniO14vBrf0iMRs/aXAQqsp4a67Wi49aMpZuvC7C7L3VpL43rnFzS1fWw7T6vpzgUQ=="],

    "@ai-sdk/provider": ["@ai-sdk/provider@4.0.9", "", { "dependencies": { "json-schema": "^0.4.0" } }, "sha512-XnGXPWiBIfqjsVEud5pOaVneRByJQOu2sYNwlSVJTPCvakdCDkVuYKKfNuStkIpMUYl7JIkBZGBx+B5YfNeVjA=="],

    "@ai-sdk/provider-utils": ["@ai-sdk/provider-utils@5.0.34", "", { "dependencies": { "@ai-sdk/provider": "4.0.9", "@standard-schema/spec": "^1.1.0", "@workflow/serde": "4.1.0", "eventsource-parser": "^3.0.8", "undici": "^7.28.0" }, "peerDependencies": { "zod": "^3.25.76 || ^4.1.8" } }, "sha512-tRBdgRcys/4d8wyQdOdyYScq1AxfMdMd0hIlwolxJKVIbBwXUgClZuQT0VIsz4e7pylY8FE6utYCCZ494UAMJQ=="],

    "@msgpack/msgpack": ["@msgpack/msgpack@3.1.3", "", {}, "sha512-47XIizs9XZXvuJgoaJUIE2lFoID8ugvc0jzSHP+Ptfk8nTbnR8g788wv48N03Kx0UkAv559HWRQ3yzOgzlRNUA=="],

    "@standard-schema/spec": ["@standard-schema/spec@1.1.0", "", {}, "sha512-l2aFy5jALhniG5HgqrD6jXLi/rUWrKvqN/qJx6yoJsgKhblVd+iqqU4RCXavm/jPityDo5TCvKMnpjKnOriy0w=="],

    "@types/bun": ["@types/bun@1.4.0", "", { "dependencies": { "bun-types": "1.4.0" } }, "sha512-K+lZULY23vRgK/CfTjFIV+tyifaNdSMlPh9j+6mQ/cLfpOznLyAuzgV/JQysyECpkBQLVMSyvjlr2fBUSA9wFQ=="],

    "@types/node": ["@types/node@26.4.0", "", { "dependencies": { "undici-types": "~8.3.0" } }, "sha512-faiGnoIrLH/V8cibOMEAZ8pMw6oXqSukl29ra4mN8GdaB2ZewzeaLj+INpV5N+Z1eKWzY+IzaIZH2EIR6YZRNQ=="],

    "@vercel/oidc": ["@vercel/oidc@3.2.0", "", {}, "sha512-UycprH3T6n3jH0k44NHMa7pnFHGu/N05MjojYr+Mc6I7obkoLIJujSWwin1pCvdy/eOxrI/l3uDLQsmcrOb4ug=="],

    "@workflow/serde": ["@workflow/serde@4.1.0", "", {}, "sha512-pav4F2BoirECWR7Nf1TKt+2eETcBj7jj4cBefQ8VXQCA6NPkaKeLfj/zMgi+3zYV5ZIBT4GuUiphsj0/b9hPQQ=="],

    "ai": ["ai@7.0.86", "", { "dependencies": { "@ai-sdk/gateway": "4.0.70", "@ai-sdk/provider": "4.0.9", "@ai-sdk/provider-utils": "5.0.34" }, "peerDependencies": { "zod": "^3.25.76 || ^4.1.8" } }, "sha512-11Hovs3BI98tPJiOuA85Be+ktxbZ2QUIqqLJqfHJ55zz4106pjRkEP9OQ95glyjBXPEtTdr6/z4ISsk6G13rvw=="],

    "bun-types": ["bun-types@1.4.0", "", { "dependencies": { "@types/node": "*" } }, "sha512-iIKw23BspnQQYd3prITOBxeUsxBHnwzX6YJfGMuNOZzeNcMmVqzIIVGRm1l69ogaPQmb4wB6BN8mA5bE9YuC5Q=="],

    "eventsource-parser": ["eventsource-parser@3.1.1", "", {}, "sha512-EKN1vKAMcZ8MlYMpaNuxN6R9yakzH6uajHcHVTqWJzvu5pWw9DyhbP35HH8MVBQ+dZjAfDxk+A8NiR9KWaXiyQ=="],

    "json-schema": ["json-schema@0.4.0", "", {}, "sha512-es94M3nTIfsEPisRafak+HDLfHXnKBhV3vU5eqPcS3flIWqcxJWgXHXiey3YrpaNsanY5ei1VoYEbOzijuq9BA=="],

    "jsonc-parser": ["jsonc-parser@3.3.1", "", {}, "sha512-HUgH65KyejrUFPvHFPbqOY0rsFip3Bo5wb4ngvdi1EpCYWUQDC5V+Y7mZws+DLkr4M//zQJoanu1SP+87Dv1oQ=="],

    "typescript": ["typescript@5.9.3", "", { "bin": { "tsc": "bin/tsc", "tsserver": "bin/tsserver" } }, "sha512-jl1vZzPDinLr9eUt3J/t7V6FgNEw9QjvBPdysz9KfQDD41fQrC2Y4vKQdiaUpFT4bXlb1RHhLpp8wtm6M5TgSw=="],

    "undici": ["undici@7.29.0", "", {}, "sha512-IDxfleLmmbSskfWSUATiN1nfn2rDuvnMOqb5CWR92iIfojA0Ud+ulOAAEQ57LPr9rWmsreUyf5lwyao+7GNNVw=="],

    "undici-types": ["undici-types@8.3.0", "", {}, "sha512-j375ScV60dom+YkPFIfTLcOiPxkN/buHz5GobjLhixFuANaNs3C9l4GmrWqejgXWJ7BbJcFYpTEUkS1Ge8bpZQ=="],

    "zod": ["zod@4.5.4", "", {}, "sha512-sC95tT5iHHH9gtpj6A81kh+NEaRAUFN+qlUPDUbRfOMvNf5QCBqsb3WgvnpVtK5Y+4UfA6KqufotuTvMGiTlsA=="],
  }
}
